
Microsoft Visual Studio Solution File, Format Version 12.00
# Visual Studio Version 17
VisualStudioVersion = 17.10.34804.81
MinimumVisualStudioVersion = 10.0.40219.1
Project("{9A19103F-16F7-4668-BE54-9A1E7A4F7556}") = "Snake", "Snake\Snake.csproj", "{1CBD0498-37E5-4661-93E6-066A3DFB33E8}"
EndProject
Project("{FAE04EC0-301F-11D3-BF4B-00C04F79EFBC}") = "Snake.Shared", "Snake.Shared\Snake.Shared.csproj", "{11561C11-5FC2-4CC8-B040-5A1DFC8E91CC}"
EndProject
Global
	GlobalSection(SolutionConfigurationPlatforms) = preSolution
		Debug|Any CPU = Debug|Any CPU
		Release|Any CPU = Release|Any CPU
	EndGlobalSection
	GlobalSection(ProjectConfigurationPlatforms) = postSolution
		{1CBD0498-37E5-4661-93E6-066A3DFB33E8}.Debug|Any CPU.ActiveCfg = Debug|Any CPU
		{1CBD0498-37E5-4661-93E6-066A3DFB33E8}.Debug|Any CPU.Build.0 = Debug|Any CPU
		{1CBD0498-37E5-4661-93E6-066A3DFB33E8}.Release|Any CPU.ActiveCfg = Release|Any CPU
		{1CBD0498-37E5-4661-93E6-066A3DFB33E8}.Release|Any CPU.Build.0 = Release|Any CPU
		{11561C11-5FC2-4CC8-B040-5A1DFC8E91CC}.Debug|Any CPU.ActiveCfg = Debug|Any CPU
		{11561C11-5FC2-4CC8-B040-5A1DFC8E91CC}.Debug|Any CPU.Build.0 = Debug|Any CPU
		{11561C11-5FC2-4CC8-B040-5A1DFC8E91CC}.Release|Any CPU.ActiveCfg = Release|Any CPU
		{11561C11-5FC2-4CC8-B040-5A1DFC8E91CC}.Release|Any CPU.Build.0 = Release|Any CPU
	EndGlobalSection
	GlobalSection(SolutionProperties) = preSolution
		HideSolutionNode = FALSE
	EndGlobalSection
	GlobalSection(ExtensibilityGlobals) = postSolution
		SolutionGuid = {58EF7E7B-1FB3-4CDB-BCA9-4CC0F9E7A648}
	EndGlobalSection
EndGlobal
